{
  "name": "projeto_tecnico_frontend",
  "version": "1.0.0",
  "lockfileVersion": 1,
  "requires": true,
  "dependencies": {
    "angular": {
      "version": "1.8.2",
      "resolved": "https://registry.npmjs.org/angular/-/angular-1.8.2.tgz",
      "integrity": "sha512-IauMOej2xEe7/7Ennahkbb5qd/HFADiNuLSESz9Q27inmi32zB0lnAsFeLEWcox3Gd1F6YhNd1CP7/9IukJ0Gw=="
    },
    "angular-popeye": {
      "version": "1.0.5",
      "resolved": "https://registry.npmjs.org/angular-popeye/-/angular-popeye-1.0.5.tgz",
      "integrity": "sha1-BeWLC1ndftJeUdd5kz5rJJXRdM0=",
      "requires": {
        "angular": "^1.3.14"
      }
    }
  }
}
